github.com/VKCOM/joy4 v0.0.0-20191213151545-f1b7cd93deeb h1:8ZCBdilbupjUiH5MtQTBJ27M2t9d6fKQSFGctAT7lEA=
github.com/VKCOM/joy4 v0.0.0-20191213151545-f1b7cd93deeb/go.mod h1:1Z2Y73AWOCZOanLrm40fc499nkyRU/CaChvqONJ2b8s=
github.com/aler9/gortsplib v1.0.1 h1:R13+hxlvg2Hvu98+0hzg0o5fPjyUA9ZPJneMIBxKGXk=
github.com/aler9/gortsplib v1.0.1/go.mod h1:BOWNZ/QBkY/eVcRqUzJbPFEsRJshwxaxBT01K260Jeo=
github.com/bluenviron/gortsplib/v3 v3.6.1 h1:+/kPiwmdRwUasU5thOBATJQ4/yD+vrIEutJyRTB/f+0=
github.com/bluenviron/gortsplib/v3 v3.6.1/go.mod h1:gc6Z8pBUMC9QBqYxcOY9eVxjDPOrmFcwVH61Xs3Gu2A=
github.com/bluenviron/mediacommon v0.5.0 h1:YsVFlEknaXWhZGfz+Y1QbuzXLMVSmHODc7OnRqZoITY=
github.com/bluenviron/mediacommon v0.5.0/go.mod h1:t0dqPsWUTchyvib0MhixIwXEgvDX4V9G+I0GzWLQRb8=
github.com/davecgh/go-spew v1.1.0/go.mod h1:J7Y8YcW2NihsgmVo/mv3lAwl/skON4iLHjSsI+c5H38=
github.com/davecgh/go-spew v1.1.1/go.mod h1:J7Y8YcW2NihsgmVo/mv3lAwl/skON4iLHjSsI+c5H38=
github.com/google/uuid v1.3.0 h1:t6JiXgmwXMjEs8VusXIJk2BXHsn+wx8BZdTaoZ5fu7I=
github.com/google/uuid v1.3.0/go.mod h1:TIyPZe4MgqvfeYDBFedMoGGpEw/LqOeaOT+nhxU+yHo=
github.com/konsorten/go-windows-terminal-sequences v1.0.1 h1:mweAR1A6xJ3oS2pRaGiHgQ4OO8tzTaLawm8vnODuwDk=
github.com/konsorten/go-windows-terminal-sequences v1.0.1/go.mod h1:T0+1ngSBFLxvqU3pZ+m/2kptfBszLMUkC4ZK/EgS/cQ=
github.com/nareix/joy4 v0.0.0-20200507095837-05a4ffbb5369 h1:Yp0zFEufLz0H7jzffb4UPXijavlyqlYeOg7dcyVUNnQ=
github.com/nareix/joy4 v0.0.0-20200507095837-05a4ffbb5369/go.mod h1:aFJ1ZwLjvHN4yEzE5Bkz8rD8/d8Vlj3UIuvz2yfET7I=
github.com/pion/randutil v0.1.0 h1:CFG1UdESneORglEsnimhUjf33Rwjubwj6xfiOXBa3mA=
github.com/pion/randutil v0.1.0/go.mod h1:XcJrSMMbbMRhASFVOlj/5hQial/Y8oH/HVo7TBZq+j8=
github.com/pion/rtcp v1.2.9 h1:1ujStwg++IOLIEoOiIQ2s+qBuJ1VN81KW+9pMPsif+U=
github.com/pion/rtcp v1.2.9/go.mod h1:qVPhiCzAm4D/rxb6XzKeyZiQK69yJpbUDJSF7TgrqNo=
github.com/pion/rtcp v1.2.10 h1:nkr3uj+8Sp97zyItdN60tE/S6vk4al5CPRR6Gejsdjc=
github.com/pion/rtcp v1.2.10/go.mod h1:ztfEwXZNLGyF1oQDttz/ZKIBaeeg/oWbRYqzBM9TL1I=
github.com/pion/rtp v1.7.13 h1:qcHwlmtiI50t1XivvoawdCGTP4Uiypzfrsap+bijcoA=
github.com/pion/rtp v1.7.13/go.mod h1:bDb5n+BFZxXx0Ea7E5qe+klMuqiBrP+w8XSjiWtCUko=
github.com/pion/sdp/v3 v3.0.5 h1:ouvI7IgGl+V4CrqskVtr3AaTrPvPisEOxwgpdktctkU=
github.com/pion/sdp/v3 v3.0.5/go.mod h1:iiFWFpQO8Fy3S5ldclBkpXqmWy02ns78NOKoLLL0YQw=
github.com/pion/sdp/v3 v3.0.6 h1:WuDLhtuFUUVpTfus9ILC4HRyHsW6TdugjEX/QY9OiUw=
github.com/pion/sdp/v3 v3.0.6/go.mod h1:iiFWFpQO8Fy3S5ldclBkpXqmWy02ns78NOKoLLL0YQw=
github.com/pkg/errors v0.8.1 h1:iURUrRGxPUNPdy5/HRSm+Yj6okJ6UtLINN0Q9M4+h3I=
github.com/pkg/errors v0.8.1/go.mod h1:bwawxfHBFNV+L2hUp1rHADufV3IMtnDRdf1r5NINEl0=
github.com/pmezard/go-difflib v1.0.0/go.mod h1:iKH77koFhYxTK1pcRnkKkqfTogsbg7gZNVY4sRDYZ/4=
github.com/sirupsen/logrus v1.4.2 h1:SPIRibHv4MatM3XXNO2BJeFLZwZ2LvZgfQ5+UNI2im4=
github.com/sirupsen/logrus v1.4.2/go.mod h1:tLMulIdttU9McNUspp0xgXVQah82FyeX6MwdIuYE2rE=
github.com/stretchr/objx v0.1.0/go.mod h1:HFkY916IF+rwdDfMAkV7OtwuqBVzrE8GR6GFx+wExME=
github.com/stretchr/objx v0.1.1/go.mod h1:HFkY916IF+rwdDfMAkV7OtwuqBVzrE8GR6GFx+wExME=
github.com/stretchr/testify v1.2.2/go.mod h1:a8OnRcib4nhh0OaRAV+Yts87kKdq0PP7pXfy6kDkUVs=
github.com/stretchr/testify v1.7.0/go.mod h1:6Fq8oRcR53rry900zMqJjRRixrwX3KX962/h/Wwjteg=
github.com/stretchr/testify v1.7.1/go.mod h1:6Fq8oRcR53rry900zMqJjRRixrwX3KX962/h/Wwjteg=
github.com/zergon321/reisen v0.1.8 h1:rflBVtSoc4xXR3tXN+b2Hvk/Fb3qaJhgj+CJ/YWOYmI=
github.com/zergon321/reisen v0.1.8/go.mod h1:2qMVJqVTOt0DxXSm6/jN/4erba+Z+2jgjqiagDrAiOQ=
golang.org/x/net v0.0.0-20220526153639-5463443f8c37 h1:lUkvobShwKsOesNfWWlCS5q7fnbG1MEliIzwu886fn8=
golang.org/x/net v0.0.0-20220526153639-5463443f8c37/go.mod h1:XRhObCWvk6IyKnWLug+ECip1KBveYUHfp+8e9klMJ9c=
golang.org/x/net v0.9.0 h1:aWJ/m6xSmxWBx+V0XRHTlrYrPG56jKsLdTFmsSsCzOM=
golang.org/x/net v0.9.0/go.mod h1:d48xBJpPfHeWQsugry2m+kC02ZBRGRgulfHnEXEuWns=
golang.org/x/sys v0.0.0-20190422165155-953cdadca894/go.mod h1:h1NjWce9XRLGQEsW7wpKNCjG9DtNlClVuFLEZdDNbEs=
golang.org/x/sys v0.0.0-20220520151302-bc2c85ada10a h1:dGzPydgVsqGcTRVwiLJ1jVbufYwmzD3LfVPLKsKg+0k=
golang.org/x/sys v0.0.0-20220520151302-bc2c85ada10a/go.mod h1:oPkhp1MJrh7nUepCBck5+mAzfO9JrbApNNgaTdGDITg=
golang.org/x/sys v0.7.0 h1:3jlCCIQZPdOYu1h8BkNvLz8Kgwtae2cagcG/VamtZRU=
golang.org/x/sys v0.7.0/go.mod h1:oPkhp1MJrh7nUepCBck5+mAzfO9JrbApNNgaTdGDITg=
gopkg.in/check.v1 v0.0.0-20161208181325-20d25e280405/go.mod h1:Co6ibVJAznAaIkqp8huTwlJQCZ016jof/cbN4VW5Yz0=
gopkg.in/yaml.v3 v3.0.0-20200313102051-9f266ea9e77c/go.mod h1:K4uyk7z7BCEPqu6E+C64Yfv1cQ7kz7rIZviUmN+EgEM=
